
Microsoft Visual Studio Solution File, Format Version 12.00
# Visual Studio Version 17
VisualStudioVersion = 17.1.32319.34
MinimumVisualStudioVersion = 10.0.40219.1
Project("{FAE04EC0-301F-11D3-BF4B-00C04F79EFBC}") = "Business", "Business\Business.csproj", "{146DEA36-421E-4297-9227-5CE86F0C57B1}"
EndProject
Project("{FAE04EC0-301F-11D3-BF4B-00C04F79EFBC}") = "Core", "Core\Core.csproj", "{E8181A8A-D28D-449F-B710-2B111DD80F94}"
EndProject
Project("{FAE04EC0-301F-11D3-BF4B-00C04F79EFBC}") = "DataAccess", "DataAccess\DataAccess.csproj", "{1052AE55-8788-4DF0-B480-D612C7D0FC41}"
EndProject
Project("{FAE04EC0-301F-11D3-BF4B-00C04F79EFBC}") = "Entities", "Entities\Entities.csproj", "{4621DE56-8FAE-48E3-B728-4C93F038A70B}"
EndProject
Project("{FAE04EC0-301F-11D3-BF4B-00C04F79EFBC}") = "WebAPI", "WebAPI\WebAPI.csproj", "{DF080355-59AC-41B1-B960-650BB746F34F}"
EndProject
Global
	GlobalSection(SolutionConfigurationPlatforms) = preSolution
		Debug|Any CPU = Debug|Any CPU
		Release|Any CPU = Release|Any CPU
	EndGlobalSection
	GlobalSection(ProjectConfigurationPlatforms) = postSolution
		{146DEA36-421E-4297-9227-5CE86F0C57B1}.Debug|Any CPU.ActiveCfg = Debug|Any CPU
		{146DEA36-421E-4297-9227-5CE86F0C57B1}.Debug|Any CPU.Build.0 = Debug|Any CPU
		{146DEA36-421E-4297-9227-5CE86F0C57B1}.Release|Any CPU.ActiveCfg = Release|Any CPU
		{146DEA36-421E-4297-9227-5CE86F0C57B1}.Release|Any CPU.Build.0 = Release|Any CPU
		{E8181A8A-D28D-449F-B710-2B111DD80F94}.Debug|Any CPU.ActiveCfg = Debug|Any CPU
		{E8181A8A-D28D-449F-B710-2B111DD80F94}.Debug|Any CPU.Build.0 = Debug|Any CPU
		{E8181A8A-D28D-449F-B710-2B111DD80F94}.Release|Any CPU.ActiveCfg = Release|Any CPU
		{E8181A8A-D28D-449F-B710-2B111DD80F94}.Release|Any CPU.Build.0 = Release|Any CPU
		{1052AE55-8788-4DF0-B480-D612C7D0FC41}.Debug|Any CPU.ActiveCfg = Debug|Any CPU
		{1052AE55-8788-4DF0-B480-D612C7D0FC41}.Debug|Any CPU.Build.0 = Debug|Any CPU
		{1052AE55-8788-4DF0-B480-D612C7D0FC41}.Release|Any CPU.ActiveCfg = Release|Any CPU
		{1052AE55-8788-4DF0-B480-D612C7D0FC41}.Release|Any CPU.Build.0 = Release|Any CPU
		{4621DE56-8FAE-48E3-B728-4C93F038A70B}.Debug|Any CPU.ActiveCfg = Debug|Any CPU
		{4621DE56-8FAE-48E3-B728-4C93F038A70B}.Debug|Any CPU.Build.0 = Debug|Any CPU
		{4621DE56-8FAE-48E3-B728-4C93F038A70B}.Release|Any CPU.ActiveCfg = Release|Any CPU
		{4621DE56-8FAE-48E3-B728-4C93F038A70B}.Release|Any CPU.Build.0 = Release|Any CPU
		{DF080355-59AC-41B1-B960-650BB746F34F}.Debug|Any CPU.ActiveCfg = Debug|Any CPU
		{DF080355-59AC-41B1-B960-650BB746F34F}.Debug|Any CPU.Build.0 = Debug|Any CPU
		{DF080355-59AC-41B1-B960-650BB746F34F}.Release|Any CPU.ActiveCfg = Release|Any CPU
		{DF080355-59AC-41B1-B960-650BB746F34F}.Release|Any CPU.Build.0 = Release|Any CPU
	EndGlobalSection
	GlobalSection(SolutionProperties) = preSolution
		HideSolutionNode = FALSE
	EndGlobalSection
	GlobalSection(ExtensibilityGlobals) = postSolution
		SolutionGuid = {305FFA00-F5CA-4CF4-8A1B-33015B2848DF}
	EndGlobalSection
EndGlobal
